
Microsoft Visual Studio Solution File, Format Version 12.00
# Visual Studio Version 17
VisualStudioVersion = 17.4.33213.308
MinimumVisualStudioVersion = 10.0.40219.1
Project("{9A19103F-16F7-4668-BE54-9A1E7A4F7556}") = "lestoma.Api", "lestoma.Api\lestoma.Api.csproj", "{AB3F7DFF-08F0-4BCF-B113-C34CCCF42066}"
EndProject
Project("{9A19103F-16F7-4668-BE54-9A1E7A4F7556}") = "lestoma.CommonUtils", "lestoma.CommonUtils\lestoma.CommonUtils.csproj", "{9C971D0A-DF51-4294-AC66-68DD87864927}"
EndProject
Project("{9A19103F-16F7-4668-BE54-9A1E7A4F7556}") = "lestoma.Data", "lestoma.Data\lestoma.Data.csproj", "{5CD90DAE-8FEA-4A59-98A1-67FA5BF15A93}"
EndProject
Project("{9A19103F-16F7-4668-BE54-9A1E7A4F7556}") = "lestoma.Logica", "lestoma.Logica\lestoma.Logica.csproj", "{5E0AB134-E8CF-4C93-BFC1-AE2AF99F9358}"
EndProject
Project("{9A19103F-16F7-4668-BE54-9A1E7A4F7556}") = "lestoma.Entidades", "lestoma.Entidades\lestoma.Entidades.csproj", "{CEF4C5CB-DC6D-400A-83E0-5136E355ED0E}"
EndProject
Project("{9A19103F-16F7-4668-BE54-9A1E7A4F7556}") = "lestoma.CRC", "lestoma.CRC\lestoma.CRC.csproj", "{3CE9E339-1378-4CB0-B94C-3D7D18292E13}"
EndProject
Project("{9A19103F-16F7-4668-BE54-9A1E7A4F7556}") = "lestoma.Pruebas", "lestoma.Pruebas\lestoma.Pruebas.csproj", "{B24902AE-7A27-4370-911A-92980469956B}"
EndProject
Project("{FAE04EC0-301F-11D3-BF4B-00C04F79EFBC}") = "lestoma.Tests", "lestoma.Tests\lestoma.Tests.csproj", "{F17F5E2C-E6B6-4695-84C9-377B3454EFC1}"
EndProject
Global
	GlobalSection(SolutionConfigurationPlatforms) = preSolution
		Debug|Any CPU = Debug|Any CPU
		Debug|x64 = Debug|x64
		Debug|x86 = Debug|x86
		Release|Any CPU = Release|Any CPU
		Release|x64 = Release|x64
		Release|x86 = Release|x86
	EndGlobalSection
	GlobalSection(ProjectConfigurationPlatforms) = postSolution
		{AB3F7DFF-08F0-4BCF-B113-C34CCCF42066}.Debug|Any CPU.ActiveCfg = Debug|Any CPU
		{AB3F7DFF-08F0-4BCF-B113-C34CCCF42066}.Debug|Any CPU.Build.0 = Debug|Any CPU
		{AB3F7DFF-08F0-4BCF-B113-C34CCCF42066}.Debug|x64.ActiveCfg = Debug|Any CPU
		{AB3F7DFF-08F0-4BCF-B113-C34CCCF42066}.Debug|x64.Build.0 = Debug|Any CPU
		{AB3F7DFF-08F0-4BCF-B113-C34CCCF42066}.Debug|x86.ActiveCfg = Debug|Any CPU
		{AB3F7DFF-08F0-4BCF-B113-C34CCCF42066}.Debug|x86.Build.0 = Debug|Any CPU
		{AB3F7DFF-08F0-4BCF-B113-C34CCCF42066}.Release|Any CPU.ActiveCfg = Release|Any CPU
		{AB3F7DFF-08F0-4BCF-B113-C34CCCF42066}.Release|Any CPU.Build.0 = Release|Any CPU
		{AB3F7DFF-08F0-4BCF-B113-C34CCCF42066}.Release|x64.ActiveCfg = Release|Any CPU
		{AB3F7DFF-08F0-4BCF-B113-C34CCCF42066}.Release|x64.Build.0 = Release|Any CPU
		{AB3F7DFF-08F0-4BCF-B113-C34CCCF42066}.Release|x86.ActiveCfg = Release|Any CPU
		{AB3F7DFF-08F0-4BCF-B113-C34CCCF42066}.Release|x86.Build.0 = Release|Any CPU
		{9C971D0A-DF51-4294-AC66-68DD87864927}.Debug|Any CPU.ActiveCfg = Debug|Any CPU
		{9C971D0A-DF51-4294-AC66-68DD87864927}.Debug|Any CPU.Build.0 = Debug|Any CPU
		{9C971D0A-DF51-4294-AC66-68DD87864927}.Debug|x64.ActiveCfg = Debug|Any CPU
		{9C971D0A-DF51-4294-AC66-68DD87864927}.Debug|x64.Build.0 = Debug|Any CPU
		{9C971D0A-DF51-4294-AC66-68DD87864927}.Debug|x86.ActiveCfg = Debug|Any CPU
		{9C971D0A-DF51-4294-AC66-68DD87864927}.Debug|x86.Build.0 = Debug|Any CPU
		{9C971D0A-DF51-4294-AC66-68DD87864927}.Release|Any CPU.ActiveCfg = Release|Any CPU
		{9C971D0A-DF51-4294-AC66-68DD87864927}.Release|Any CPU.Build.0 = Release|Any CPU
		{9C971D0A-DF51-4294-AC66-68DD87864927}.Release|x64.ActiveCfg = Release|Any CPU
		{9C971D0A-DF51-4294-AC66-68DD87864927}.Release|x64.Build.0 = Release|Any CPU
		{9C971D0A-DF51-4294-AC66-68DD87864927}.Release|x86.ActiveCfg = Release|Any CPU
		{9C971D0A-DF51-4294-AC66-68DD87864927}.Release|x86.Build.0 = Release|Any CPU
		{5CD90DAE-8FEA-4A59-98A1-67FA5BF15A93}.Debug|Any CPU.ActiveCfg = Debug|Any CPU
		{5CD90DAE-8FEA-4A59-98A1-67FA5BF15A93}.Debug|Any CPU.Build.0 = Debug|Any CPU
		{5CD90DAE-8FEA-4A59-98A1-67FA5BF15A93}.Debug|x64.ActiveCfg = Debug|Any CPU
		{5CD90DAE-8FEA-4A59-98A1-67FA5BF15A93}.Debug|x64.Build.0 = Debug|Any CPU
		{5CD90DAE-8FEA-4A59-98A1-67FA5BF15A93}.Debug|x86.ActiveCfg = Debug|Any CPU
		{5CD90DAE-8FEA-4A59-98A1-67FA5BF15A93}.Debug|x86.Build.0 = Debug|Any CPU
		{5CD90DAE-8FEA-4A59-98A1-67FA5BF15A93}.Release|Any CPU.ActiveCfg = Release|Any CPU
		{5CD90DAE-8FEA-4A59-98A1-67FA5BF15A93}.Release|Any CPU.Build.0 = Release|Any CPU
		{5CD90DAE-8FEA-4A59-98A1-67FA5BF15A93}.Release|x64.ActiveCfg = Release|Any CPU
		{5CD90DAE-8FEA-4A59-98A1-67FA5BF15A93}.Release|x64.Build.0 = Release|Any CPU
		{5CD90DAE-8FEA-4A59-98A1-67FA5BF15A93}.Release|x86.ActiveCfg = Release|Any CPU
		{5CD90DAE-8FEA-4A59-98A1-67FA5BF15A93}.Release|x86.Build.0 = Release|Any CPU
		{5E0AB134-E8CF-4C93-BFC1-AE2AF99F9358}.Debug|Any CPU.ActiveCfg = Debug|Any CPU
		{5E0AB134-E8CF-4C93-BFC1-AE2AF99F9358}.Debug|Any CPU.Build.0 = Debug|Any CPU
		{5E0AB134-E8CF-4C93-BFC1-AE2AF99F9358}.Debug|x64.ActiveCfg = Debug|Any CPU
		{5E0AB134-E8CF-4C93-BFC1-AE2AF99F9358}.Debug|x64.Build.0 = Debug|Any CPU
		{5E0AB134-E8CF-4C93-BFC1-AE2AF99F9358}.Debug|x86.ActiveCfg = Debug|Any CPU
		{5E0AB134-E8CF-4C93-BFC1-AE2AF99F9358}.Debug|x86.Build.0 = Debug|Any CPU
		{5E0AB134-E8CF-4C93-BFC1-AE2AF99F9358}.Release|Any CPU.ActiveCfg = Release|Any CPU
		{5E0AB134-E8CF-4C93-BFC1-AE2AF99F9358}.Release|Any CPU.Build.0 = Release|Any CPU
		{5E0AB134-E8CF-4C93-BFC1-AE2AF99F9358}.Release|x64.ActiveCfg = Release|Any CPU
		{5E0AB134-E8CF-4C93-BFC1-AE2AF99F9358}.Release|x64.Build.0 = Release|Any CPU
		{5E0AB134-E8CF-4C93-BFC1-AE2AF99F9358}.Release|x86.ActiveCfg = Release|Any CPU
		{5E0AB134-E8CF-4C93-BFC1-AE2AF99F9358}.Release|x86.Build.0 = Release|Any CPU
		{CEF4C5CB-DC6D-400A-83E0-5136E355ED0E}.Debug|Any CPU.ActiveCfg = Debug|Any CPU
		{CEF4C5CB-DC6D-400A-83E0-5136E355ED0E}.Debug|Any CPU.Build.0 = Debug|Any CPU
		{CEF4C5CB-DC6D-400A-83E0-5136E355ED0E}.Debug|x64.ActiveCfg = Debug|Any CPU
		{CEF4C5CB-DC6D-400A-83E0-5136E355ED0E}.Debug|x64.Build.0 = Debug|Any CPU
		{CEF4C5CB-DC6D-400A-83E0-5136E355ED0E}.Debug|x86.ActiveCfg = Debug|Any CPU
		{CEF4C5CB-DC6D-400A-83E0-5136E355ED0E}.Debug|x86.Build.0 = Debug|Any CPU
		{CEF4C5CB-DC6D-400A-83E0-5136E355ED0E}.Release|Any CPU.ActiveCfg = Release|Any CPU
		{CEF4C5CB-DC6D-400A-83E0-5136E355ED0E}.Release|Any CPU.Build.0 = Release|Any CPU
		{CEF4C5CB-DC6D-400A-83E0-5136E355ED0E}.Release|x64.ActiveCfg = Release|Any CPU
		{CEF4C5CB-DC6D-400A-83E0-5136E355ED0E}.Release|x64.Build.0 = Release|Any CPU
		{CEF4C5CB-DC6D-400A-83E0-5136E355ED0E}.Release|x86.ActiveCfg = Release|Any CPU
		{CEF4C5CB-DC6D-400A-83E0-5136E355ED0E}.Release|x86.Build.0 = Release|Any CPU
		{3CE9E339-1378-4CB0-B94C-3D7D18292E13}.Debug|Any CPU.ActiveCfg = Debug|Any CPU
		{3CE9E339-1378-4CB0-B94C-3D7D18292E13}.Debug|Any CPU.Build.0 = Debug|Any CPU
		{3CE9E339-1378-4CB0-B94C-3D7D18292E13}.Debug|x64.ActiveCfg = Debug|Any CPU
		{3CE9E339-1378-4CB0-B94C-3D7D18292E13}.Debug|x64.Build.0 = Debug|Any CPU
		{3CE9E339-1378-4CB0-B94C-3D7D18292E13}.Debug|x86.ActiveCfg = Debug|Any CPU
		{3CE9E339-1378-4CB0-B94C-3D7D18292E13}.Debug|x86.Build.0 = Debug|Any CPU
		{3CE9E339-1378-4CB0-B94C-3D7D18292E13}.Release|Any CPU.ActiveCfg = Release|Any CPU
		{3CE9E339-1378-4CB0-B94C-3D7D18292E13}.Release|Any CPU.Build.0 = Release|Any CPU
		{3CE9E339-1378-4CB0-B94C-3D7D18292E13}.Release|x64.ActiveCfg = Release|Any CPU
		{3CE9E339-1378-4CB0-B94C-3D7D18292E13}.Release|x64.Build.0 = Release|Any CPU
		{3CE9E339-1378-4CB0-B94C-3D7D18292E13}.Release|x86.ActiveCfg = Release|Any CPU
		{3CE9E339-1378-4CB0-B94C-3D7D18292E13}.Release|x86.Build.0 = Release|Any CPU
		{B24902AE-7A27-4370-911A-92980469956B}.Debug|Any CPU.ActiveCfg = Debug|Any CPU
		{B24902AE-7A27-4370-911A-92980469956B}.Debug|Any CPU.Build.0 = Debug|Any CPU
		{B24902AE-7A27-4370-911A-92980469956B}.Debug|x64.ActiveCfg = Debug|Any CPU
		{B24902AE-7A27-4370-911A-92980469956B}.Debug|x64.Build.0 = Debug|Any CPU
		{B24902AE-7A27-4370-911A-92980469956B}.Debug|x86.ActiveCfg = Debug|Any CPU
		{B24902AE-7A27-4370-911A-92980469956B}.Debug|x86.Build.0 = Debug|Any CPU
		{B24902AE-7A27-4370-911A-92980469956B}.Release|Any CPU.ActiveCfg = Release|Any CPU
		{B24902AE-7A27-4370-911A-92980469956B}.Release|Any CPU.Build.0 = Release|Any CPU
		{B24902AE-7A27-4370-911A-92980469956B}.Release|x64.ActiveCfg = Release|Any CPU
		{B24902AE-7A27-4370-911A-92980469956B}.Release|x64.Build.0 = Release|Any CPU
		{B24902AE-7A27-4370-911A-92980469956B}.Release|x86.ActiveCfg = Release|Any CPU
		{B24902AE-7A27-4370-911A-92980469956B}.Release|x86.Build.0 = Release|Any CPU
		{F17F5E2C-E6B6-4695-84C9-377B3454EFC1}.Debug|Any CPU.ActiveCfg = Debug|Any CPU
		{F17F5E2C-E6B6-4695-84C9-377B3454EFC1}.Debug|Any CPU.Build.0 = Debug|Any CPU
		{F17F5E2C-E6B6-4695-84C9-377B3454EFC1}.Debug|x64.ActiveCfg = Debug|Any CPU
		{F17F5E2C-E6B6-4695-84C9-377B3454EFC1}.Debug|x64.Build.0 = Debug|Any CPU
		{F17F5E2C-E6B6-4695-84C9-377B3454EFC1}.Debug|x86.ActiveCfg = Debug|Any CPU
		{F17F5E2C-E6B6-4695-84C9-377B3454EFC1}.Debug|x86.Build.0 = Debug|Any CPU
		{F17F5E2C-E6B6-4695-84C9-377B3454EFC1}.Release|Any CPU.ActiveCfg = Release|Any CPU
		{F17F5E2C-E6B6-4695-84C9-377B3454EFC1}.Release|Any CPU.Build.0 = Release|Any CPU
		{F17F5E2C-E6B6-4695-84C9-377B3454EFC1}.Release|x64.ActiveCfg = Release|Any CPU
		{F17F5E2C-E6B6-4695-84C9-377B3454EFC1}.Release|x64.Build.0 = Release|Any CPU
		{F17F5E2C-E6B6-4695-84C9-377B3454EFC1}.Release|x86.ActiveCfg = Release|Any CPU
		{F17F5E2C-E6B6-4695-84C9-377B3454EFC1}.Release|x86.Build.0 = Release|Any CPU
	EndGlobalSection
	GlobalSection(SolutionProperties) = preSolution
		HideSolutionNode = FALSE
	EndGlobalSection
	GlobalSection(ExtensibilityGlobals) = postSolution
		SolutionGuid = {ED9F6ECA-6F92-45EC-8E31-03C1650A13FA}
	EndGlobalSection
EndGlobal
